
Microsoft Visual Studio Solution File, Format Version 12.00
# Visual Studio Version 17
VisualStudioVersion = 17.0.31903.59
MinimumVisualStudioVersion = 10.0.40219.1
Project("{FAE04EC0-301F-11D3-BF4B-00C04F79EFBC}") = "Bank.Domain", "Bank.Domain\Bank.Domain.csproj", "{E2759158-D59A-4673-AC22-EA3663165032}"
EndProject
Project("{FAE04EC0-301F-11D3-BF4B-00C04F79EFBC}") = "Bank.Domain.Tests", "Bank.Domain.Tests\Bank.Domain.Tests.csproj", "{9DD4E374-E51C-4934-98E8-E9B05C561174}"
EndProject
Global
	GlobalSection(SolutionConfigurationPlatforms) = preSolution
		Debug|Any CPU = Debug|Any CPU
		Release|Any CPU = Release|Any CPU
	EndGlobalSection
	GlobalSection(SolutionProperties) = preSolution
		HideSolutionNode = FALSE
	EndGlobalSection
	GlobalSection(ProjectConfigurationPlatforms) = postSolution
		{E2759158-D59A-4673-AC22-EA3663165032}.Debug|Any CPU.ActiveCfg = Debug|Any CPU
		{E2759158-D59A-4673-AC22-EA3663165032}.Debug|Any CPU.Build.0 = Debug|Any CPU
		{E2759158-D59A-4673-AC22-EA3663165032}.Release|Any CPU.ActiveCfg = Release|Any CPU
		{E2759158-D59A-4673-AC22-EA3663165032}.Release|Any CPU.Build.0 = Release|Any CPU
		{9DD4E374-E51C-4934-98E8-E9B05C561174}.Debug|Any CPU.ActiveCfg = Debug|Any CPU
		{9DD4E374-E51C-4934-98E8-E9B05C561174}.Debug|Any CPU.Build.0 = Debug|Any CPU
		{9DD4E374-E51C-4934-98E8-E9B05C561174}.Release|Any CPU.ActiveCfg = Release|Any CPU
		{9DD4E374-E51C-4934-98E8-E9B05C561174}.Release|Any CPU.Build.0 = Release|Any CPU
	EndGlobalSection
EndGlobal
